
Microsoft Visual Studio Solution File, Format Version 12.00
# Visual Studio 14
VisualStudioVersion = 14.0.25420.1
MinimumVisualStudioVersion = 10.0.40219.1
Project("{FAE04EC0-301F-11D3-BF4B-00C04F79EFBC}") = "MM2RunReferences", "MM2RunReferences\MM2RunReferences.csproj", "{E3D9988B-E0CA-4699-B82C-32E39DC1EFE2}"
EndProject
Project("{FAE04EC0-301F-11D3-BF4B-00C04F79EFBC}") = "PstRunBatches", "PstRunBatches\PstRunBatches.csproj", "{B7EBFDFD-9852-4B79-860D-F2A5AB153C22}"
EndProject
Project("{FAE04EC0-301F-11D3-BF4B-00C04F79EFBC}") = "BenchUIRunSamples", "BenchRunSamples\BenchUIRunSamples.csproj", "{2A6EE5B9-B258-4F32-8C04-B5CEC7F9914C}"
EndProject
Project("{FAE04EC0-301F-11D3-BF4B-00C04F79EFBC}") = "Common", "UiHelpers\Common.csproj", "{B438234E-0D90-4EFF-89D0-FCA423155931}"
EndProject
Project("{FAE04EC0-301F-11D3-BF4B-00C04F79EFBC}") = "CreateProductList", "CreateProductList\CreateProductList.csproj", "{1176C9D2-58BF-4B03-9390-DA66E3792E0A}"
EndProject
Project("{FAE04EC0-301F-11D3-BF4B-00C04F79EFBC}") = "FiRunAndResetErrors", "FiRunAndResetErrors\FiRunAndResetErrors.csproj", "{40701A9C-C3CB-4F84-9F5A-01D51072DCFD}"
EndProject
Project("{FAE04EC0-301F-11D3-BF4B-00C04F79EFBC}") = "RestartAndCheckServices", "RestartAndCheckServices\RestartAndCheckServices\RestartAndCheckServices.csproj", "{E2468554-E936-40C0-B3BD-1D748FEF6B0B}"
EndProject
Project("{FAE04EC0-301F-11D3-BF4B-00C04F79EFBC}") = "LogNovaStartupTime", "LogNovaStartupTime\LogNovaStartupTime.csproj", "{56CE860A-B296-4793-BEA3-A250F97B1A0F}"
EndProject
Project("{FAE04EC0-301F-11D3-BF4B-00C04F79EFBC}") = "MatildeMotorDrift", "MatildePropeCal\MatildeMotorDrift.csproj", "{12FBF247-1D02-417D-8837-97AA5370886C}"
EndProject
Project("{FAE04EC0-301F-11D3-BF4B-00C04F79EFBC}") = "FiCheckInstall", "FiCheckInstall\FiCheckInstall.csproj", "{ED611FBE-E37F-4DF8-A55C-EEB5FD668CEE}"
EndProject
Project("{FAE04EC0-301F-11D3-BF4B-00C04F79EFBC}") = "MM2RunCheckSamples", "MM2RunCheckSamples\MM2RunCheckSamples.csproj", "{5C2A41CE-8E65-4968-B300-C03D2690A6E0}"
EndProject
Project("{FAE04EC0-301F-11D3-BF4B-00C04F79EFBC}") = "TestAppSwitchButton", "TestAppSwitchButton\TestAppSwitchButton.csproj", "{4B7CFC64-CED3-44AC-BE61-DCC2455C245E}"
EndProject
Project("{FAE04EC0-301F-11D3-BF4B-00C04F79EFBC}") = "MM2MeasureAndStop", "MM2MeasureAndStop\MM2MeasureAndStop.csproj", "{910B5172-0591-408B-86CC-783A60ADFD63}"
EndProject
Project("{FAE04EC0-301F-11D3-BF4B-00C04F79EFBC}") = "FT1ServiceFunctions", "FT1ServiceFunctions\FT1ServiceFunctions.csproj", "{301F74CA-3731-478E-B782-DA1806EA463D}"
EndProject
Project("{FAE04EC0-301F-11D3-BF4B-00C04F79EFBC}") = "FiChangeMode", "FiChangeMode\FiChangeMode.csproj", "{19076BC3-0B4E-443D-9991-4B35C3FC099A}"
EndProject
Global
	GlobalSection(SolutionConfigurationPlatforms) = preSolution
		Debug|Any CPU = Debug|Any CPU
		Debug|Mixed Platforms = Debug|Mixed Platforms
		Debug|x86 = Debug|x86
		Release|Any CPU = Release|Any CPU
		Release|Mixed Platforms = Release|Mixed Platforms
		Release|x86 = Release|x86
	EndGlobalSection
	GlobalSection(ProjectConfigurationPlatforms) = postSolution
		{E3D9988B-E0CA-4699-B82C-32E39DC1EFE2}.Debug|Any CPU.ActiveCfg = Debug|Any CPU
		{E3D9988B-E0CA-4699-B82C-32E39DC1EFE2}.Debug|Any CPU.Build.0 = Debug|Any CPU
		{E3D9988B-E0CA-4699-B82C-32E39DC1EFE2}.Debug|Mixed Platforms.ActiveCfg = Debug|x86
		{E3D9988B-E0CA-4699-B82C-32E39DC1EFE2}.Debug|Mixed Platforms.Build.0 = Debug|x86
		{E3D9988B-E0CA-4699-B82C-32E39DC1EFE2}.Debug|x86.ActiveCfg = Debug|x86
		{E3D9988B-E0CA-4699-B82C-32E39DC1EFE2}.Debug|x86.Build.0 = Debug|x86
		{E3D9988B-E0CA-4699-B82C-32E39DC1EFE2}.Release|Any CPU.ActiveCfg = Release|Any CPU
		{E3D9988B-E0CA-4699-B82C-32E39DC1EFE2}.Release|Any CPU.Build.0 = Release|Any CPU
		{E3D9988B-E0CA-4699-B82C-32E39DC1EFE2}.Release|Mixed Platforms.ActiveCfg = Release|x86
		{E3D9988B-E0CA-4699-B82C-32E39DC1EFE2}.Release|Mixed Platforms.Build.0 = Release|x86
		{E3D9988B-E0CA-4699-B82C-32E39DC1EFE2}.Release|x86.ActiveCfg = Release|x86
		{E3D9988B-E0CA-4699-B82C-32E39DC1EFE2}.Release|x86.Build.0 = Release|x86
		{B7EBFDFD-9852-4B79-860D-F2A5AB153C22}.Debug|Any CPU.ActiveCfg = Debug|Any CPU
		{B7EBFDFD-9852-4B79-860D-F2A5AB153C22}.Debug|Any CPU.Build.0 = Debug|Any CPU
		{B7EBFDFD-9852-4B79-860D-F2A5AB153C22}.Debug|Mixed Platforms.ActiveCfg = Debug|x86
		{B7EBFDFD-9852-4B79-860D-F2A5AB153C22}.Debug|Mixed Platforms.Build.0 = Debug|x86
		{B7EBFDFD-9852-4B79-860D-F2A5AB153C22}.Debug|x86.ActiveCfg = Debug|x86
		{B7EBFDFD-9852-4B79-860D-F2A5AB153C22}.Debug|x86.Build.0 = Debug|x86
		{B7EBFDFD-9852-4B79-860D-F2A5AB153C22}.Release|Any CPU.ActiveCfg = Release|Any CPU
		{B7EBFDFD-9852-4B79-860D-F2A5AB153C22}.Release|Any CPU.Build.0 = Release|Any CPU
		{B7EBFDFD-9852-4B79-860D-F2A5AB153C22}.Release|Mixed Platforms.ActiveCfg = Release|x86
		{B7EBFDFD-9852-4B79-860D-F2A5AB153C22}.Release|Mixed Platforms.Build.0 = Release|x86
		{B7EBFDFD-9852-4B79-860D-F2A5AB153C22}.Release|x86.ActiveCfg = Release|x86
		{B7EBFDFD-9852-4B79-860D-F2A5AB153C22}.Release|x86.Build.0 = Release|x86
		{2A6EE5B9-B258-4F32-8C04-B5CEC7F9914C}.Debug|Any CPU.ActiveCfg = Debug|Any CPU
		{2A6EE5B9-B258-4F32-8C04-B5CEC7F9914C}.Debug|Any CPU.Build.0 = Debug|Any CPU
		{2A6EE5B9-B258-4F32-8C04-B5CEC7F9914C}.Debug|Mixed Platforms.ActiveCfg = Debug|x86
		{2A6EE5B9-B258-4F32-8C04-B5CEC7F9914C}.Debug|Mixed Platforms.Build.0 = Debug|x86
		{2A6EE5B9-B258-4F32-8C04-B5CEC7F9914C}.Debug|x86.ActiveCfg = Debug|x86
		{2A6EE5B9-B258-4F32-8C04-B5CEC7F9914C}.Debug|x86.Build.0 = Debug|x86
		{2A6EE5B9-B258-4F32-8C04-B5CEC7F9914C}.Release|Any CPU.ActiveCfg = Release|Any CPU
		{2A6EE5B9-B258-4F32-8C04-B5CEC7F9914C}.Release|Any CPU.Build.0 = Release|Any CPU
		{2A6EE5B9-B258-4F32-8C04-B5CEC7F9914C}.Release|Mixed Platforms.ActiveCfg = Release|x86
		{2A6EE5B9-B258-4F32-8C04-B5CEC7F9914C}.Release|Mixed Platforms.Build.0 = Release|x86
		{2A6EE5B9-B258-4F32-8C04-B5CEC7F9914C}.Release|x86.ActiveCfg = Release|x86
		{2A6EE5B9-B258-4F32-8C04-B5CEC7F9914C}.Release|x86.Build.0 = Release|x86
		{B438234E-0D90-4EFF-89D0-FCA423155931}.Debug|Any CPU.ActiveCfg = Debug|Any CPU
		{B438234E-0D90-4EFF-89D0-FCA423155931}.Debug|Any CPU.Build.0 = Debug|Any CPU
		{B438234E-0D90-4EFF-89D0-FCA423155931}.Debug|Mixed Platforms.ActiveCfg = Debug|x86
		{B438234E-0D90-4EFF-89D0-FCA423155931}.Debug|Mixed Platforms.Build.0 = Debug|x86
		{B438234E-0D90-4EFF-89D0-FCA423155931}.Debug|x86.ActiveCfg = Debug|x86
		{B438234E-0D90-4EFF-89D0-FCA423155931}.Debug|x86.Build.0 = Debug|x86
		{B438234E-0D90-4EFF-89D0-FCA423155931}.Release|Any CPU.ActiveCfg = Release|Any CPU
		{B438234E-0D90-4EFF-89D0-FCA423155931}.Release|Any CPU.Build.0 = Release|Any CPU
		{B438234E-0D90-4EFF-89D0-FCA423155931}.Release|Mixed Platforms.ActiveCfg = Release|x86
		{B438234E-0D90-4EFF-89D0-FCA423155931}.Release|Mixed Platforms.Build.0 = Release|x86
		{B438234E-0D90-4EFF-89D0-FCA423155931}.Release|x86.ActiveCfg = Release|x86
		{B438234E-0D90-4EFF-89D0-FCA423155931}.Release|x86.Build.0 = Release|x86
		{1176C9D2-58BF-4B03-9390-DA66E3792E0A}.Debug|Any CPU.ActiveCfg = Debug|Any CPU
		{1176C9D2-58BF-4B03-9390-DA66E3792E0A}.Debug|Any CPU.Build.0 = Debug|Any CPU
		{1176C9D2-58BF-4B03-9390-DA66E3792E0A}.Debug|Mixed Platforms.ActiveCfg = Debug|x86
		{1176C9D2-58BF-4B03-9390-DA66E3792E0A}.Debug|Mixed Platforms.Build.0 = Debug|x86
		{1176C9D2-58BF-4B03-9390-DA66E3792E0A}.Debug|x86.ActiveCfg = Debug|x86
		{1176C9D2-58BF-4B03-9390-DA66E3792E0A}.Debug|x86.Build.0 = Debug|x86
		{1176C9D2-58BF-4B03-9390-DA66E3792E0A}.Release|Any CPU.ActiveCfg = Release|Any CPU
		{1176C9D2-58BF-4B03-9390-DA66E3792E0A}.Release|Any CPU.Build.0 = Release|Any CPU
		{1176C9D2-58BF-4B03-9390-DA66E3792E0A}.Release|Mixed Platforms.ActiveCfg = Release|x86
		{1176C9D2-58BF-4B03-9390-DA66E3792E0A}.Release|Mixed Platforms.Build.0 = Release|x86
		{1176C9D2-58BF-4B03-9390-DA66E3792E0A}.Release|x86.ActiveCfg = Release|x86
		{1176C9D2-58BF-4B03-9390-DA66E3792E0A}.Release|x86.Build.0 = Release|x86
		{40701A9C-C3CB-4F84-9F5A-01D51072DCFD}.Debug|Any CPU.ActiveCfg = Debug|Any CPU
		{40701A9C-C3CB-4F84-9F5A-01D51072DCFD}.Debug|Any CPU.Build.0 = Debug|Any CPU
		{40701A9C-C3CB-4F84-9F5A-01D51072DCFD}.Debug|Mixed Platforms.ActiveCfg = Debug|x86
		{40701A9C-C3CB-4F84-9F5A-01D51072DCFD}.Debug|Mixed Platforms.Build.0 = Debug|x86
		{40701A9C-C3CB-4F84-9F5A-01D51072DCFD}.Debug|x86.ActiveCfg = Debug|x86
		{40701A9C-C3CB-4F84-9F5A-01D51072DCFD}.Debug|x86.Build.0 = Debug|x86
		{40701A9C-C3CB-4F84-9F5A-01D51072DCFD}.Release|Any CPU.ActiveCfg = Release|Any CPU
		{40701A9C-C3CB-4F84-9F5A-01D51072DCFD}.Release|Any CPU.Build.0 = Release|Any CPU
		{40701A9C-C3CB-4F84-9F5A-01D51072DCFD}.Release|Mixed Platforms.ActiveCfg = Release|x86
		{40701A9C-C3CB-4F84-9F5A-01D51072DCFD}.Release|Mixed Platforms.Build.0 = Release|x86
		{40701A9C-C3CB-4F84-9F5A-01D51072DCFD}.Release|x86.ActiveCfg = Release|x86
		{40701A9C-C3CB-4F84-9F5A-01D51072DCFD}.Release|x86.Build.0 = Release|x86
		{E2468554-E936-40C0-B3BD-1D748FEF6B0B}.Debug|Any CPU.ActiveCfg = Debug|Any CPU
		{E2468554-E936-40C0-B3BD-1D748FEF6B0B}.Debug|Any CPU.Build.0 = Debug|Any CPU
		{E2468554-E936-40C0-B3BD-1D748FEF6B0B}.Debug|Mixed Platforms.ActiveCfg = Debug|Any CPU
		{E2468554-E936-40C0-B3BD-1D748FEF6B0B}.Debug|Mixed Platforms.Build.0 = Debug|Any CPU
		{E2468554-E936-40C0-B3BD-1D748FEF6B0B}.Debug|x86.ActiveCfg = Debug|Any CPU
		{E2468554-E936-40C0-B3BD-1D748FEF6B0B}.Release|Any CPU.ActiveCfg = Release|Any CPU
		{E2468554-E936-40C0-B3BD-1D748FEF6B0B}.Release|Any CPU.Build.0 = Release|Any CPU
		{E2468554-E936-40C0-B3BD-1D748FEF6B0B}.Release|Mixed Platforms.ActiveCfg = Release|Any CPU
		{E2468554-E936-40C0-B3BD-1D748FEF6B0B}.Release|Mixed Platforms.Build.0 = Release|Any CPU
		{E2468554-E936-40C0-B3BD-1D748FEF6B0B}.Release|x86.ActiveCfg = Release|Any CPU
		{56CE860A-B296-4793-BEA3-A250F97B1A0F}.Debug|Any CPU.ActiveCfg = Debug|Any CPU
		{56CE860A-B296-4793-BEA3-A250F97B1A0F}.Debug|Any CPU.Build.0 = Debug|Any CPU
		{56CE860A-B296-4793-BEA3-A250F97B1A0F}.Debug|Mixed Platforms.ActiveCfg = Debug|Any CPU
		{56CE860A-B296-4793-BEA3-A250F97B1A0F}.Debug|Mixed Platforms.Build.0 = Debug|Any CPU
		{56CE860A-B296-4793-BEA3-A250F97B1A0F}.Debug|x86.ActiveCfg = Debug|Any CPU
		{56CE860A-B296-4793-BEA3-A250F97B1A0F}.Release|Any CPU.ActiveCfg = Release|Any CPU
		{56CE860A-B296-4793-BEA3-A250F97B1A0F}.Release|Any CPU.Build.0 = Release|Any CPU
		{56CE860A-B296-4793-BEA3-A250F97B1A0F}.Release|Mixed Platforms.ActiveCfg = Release|Any CPU
		{56CE860A-B296-4793-BEA3-A250F97B1A0F}.Release|Mixed Platforms.Build.0 = Release|Any CPU
		{56CE860A-B296-4793-BEA3-A250F97B1A0F}.Release|x86.ActiveCfg = Release|Any CPU
		{12FBF247-1D02-417D-8837-97AA5370886C}.Debug|Any CPU.ActiveCfg = Debug|Any CPU
		{12FBF247-1D02-417D-8837-97AA5370886C}.Debug|Any CPU.Build.0 = Debug|Any CPU
		{12FBF247-1D02-417D-8837-97AA5370886C}.Debug|Mixed Platforms.ActiveCfg = Debug|Any CPU
		{12FBF247-1D02-417D-8837-97AA5370886C}.Debug|Mixed Platforms.Build.0 = Debug|Any CPU
		{12FBF247-1D02-417D-8837-97AA5370886C}.Debug|x86.ActiveCfg = Debug|Any CPU
		{12FBF247-1D02-417D-8837-97AA5370886C}.Release|Any CPU.ActiveCfg = Release|Any CPU
		{12FBF247-1D02-417D-8837-97AA5370886C}.Release|Any CPU.Build.0 = Release|Any CPU
		{12FBF247-1D02-417D-8837-97AA5370886C}.Release|Mixed Platforms.ActiveCfg = Release|Any CPU
		{12FBF247-1D02-417D-8837-97AA5370886C}.Release|Mixed Platforms.Build.0 = Release|Any CPU
		{12FBF247-1D02-417D-8837-97AA5370886C}.Release|x86.ActiveCfg = Release|Any CPU
		{ED611FBE-E37F-4DF8-A55C-EEB5FD668CEE}.Debug|Any CPU.ActiveCfg = Debug|Any CPU
		{ED611FBE-E37F-4DF8-A55C-EEB5FD668CEE}.Debug|Any CPU.Build.0 = Debug|Any CPU
		{ED611FBE-E37F-4DF8-A55C-EEB5FD668CEE}.Debug|Mixed Platforms.ActiveCfg = Debug|Any CPU
		{ED611FBE-E37F-4DF8-A55C-EEB5FD668CEE}.Debug|Mixed Platforms.Build.0 = Debug|Any CPU
		{ED611FBE-E37F-4DF8-A55C-EEB5FD668CEE}.Debug|x86.ActiveCfg = Debug|Any CPU
		{ED611FBE-E37F-4DF8-A55C-EEB5FD668CEE}.Release|Any CPU.ActiveCfg = Release|Any CPU
		{ED611FBE-E37F-4DF8-A55C-EEB5FD668CEE}.Release|Any CPU.Build.0 = Release|Any CPU
		{ED611FBE-E37F-4DF8-A55C-EEB5FD668CEE}.Release|Mixed Platforms.ActiveCfg = Release|Any CPU
		{ED611FBE-E37F-4DF8-A55C-EEB5FD668CEE}.Release|Mixed Platforms.Build.0 = Release|Any CPU
		{ED611FBE-E37F-4DF8-A55C-EEB5FD668CEE}.Release|x86.ActiveCfg = Release|Any CPU
		{5C2A41CE-8E65-4968-B300-C03D2690A6E0}.Debug|Any CPU.ActiveCfg = Debug|Any CPU
		{5C2A41CE-8E65-4968-B300-C03D2690A6E0}.Debug|Any CPU.Build.0 = Debug|Any CPU
		{5C2A41CE-8E65-4968-B300-C03D2690A6E0}.Debug|Mixed Platforms.ActiveCfg = Debug|Any CPU
		{5C2A41CE-8E65-4968-B300-C03D2690A6E0}.Debug|Mixed Platforms.Build.0 = Debug|Any CPU
		{5C2A41CE-8E65-4968-B300-C03D2690A6E0}.Debug|x86.ActiveCfg = Debug|Any CPU
		{5C2A41CE-8E65-4968-B300-C03D2690A6E0}.Release|Any CPU.ActiveCfg = Release|Any CPU
		{5C2A41CE-8E65-4968-B300-C03D2690A6E0}.Release|Any CPU.Build.0 = Release|Any CPU
		{5C2A41CE-8E65-4968-B300-C03D2690A6E0}.Release|Mixed Platforms.ActiveCfg = Release|Any CPU
		{5C2A41CE-8E65-4968-B300-C03D2690A6E0}.Release|Mixed Platforms.Build.0 = Release|Any CPU
		{5C2A41CE-8E65-4968-B300-C03D2690A6E0}.Release|x86.ActiveCfg = Release|Any CPU
		{4B7CFC64-CED3-44AC-BE61-DCC2455C245E}.Debug|Any CPU.ActiveCfg = Debug|Any CPU
		{4B7CFC64-CED3-44AC-BE61-DCC2455C245E}.Debug|Any CPU.Build.0 = Debug|Any CPU
		{4B7CFC64-CED3-44AC-BE61-DCC2455C245E}.Debug|Mixed Platforms.ActiveCfg = Debug|Any CPU
		{4B7CFC64-CED3-44AC-BE61-DCC2455C245E}.Debug|Mixed Platforms.Build.0 = Debug|Any CPU
		{4B7CFC64-CED3-44AC-BE61-DCC2455C245E}.Debug|x86.ActiveCfg = Debug|Any CPU
		{4B7CFC64-CED3-44AC-BE61-DCC2455C245E}.Release|Any CPU.ActiveCfg = Release|Any CPU
		{4B7CFC64-CED3-44AC-BE61-DCC2455C245E}.Release|Any CPU.Build.0 = Release|Any CPU
		{4B7CFC64-CED3-44AC-BE61-DCC2455C245E}.Release|Mixed Platforms.ActiveCfg = Release|Any CPU
		{4B7CFC64-CED3-44AC-BE61-DCC2455C245E}.Release|Mixed Platforms.Build.0 = Release|Any CPU
		{4B7CFC64-CED3-44AC-BE61-DCC2455C245E}.Release|x86.ActiveCfg = Release|Any CPU
		{910B5172-0591-408B-86CC-783A60ADFD63}.Debug|Any CPU.ActiveCfg = Debug|Any CPU
		{910B5172-0591-408B-86CC-783A60ADFD63}.Debug|Any CPU.Build.0 = Debug|Any CPU
		{910B5172-0591-408B-86CC-783A60ADFD63}.Debug|Mixed Platforms.ActiveCfg = Debug|Any CPU
		{910B5172-0591-408B-86CC-783A60ADFD63}.Debug|Mixed Platforms.Build.0 = Debug|Any CPU
		{910B5172-0591-408B-86CC-783A60ADFD63}.Debug|x86.ActiveCfg = Debug|Any CPU
		{910B5172-0591-408B-86CC-783A60ADFD63}.Release|Any CPU.ActiveCfg = Release|Any CPU
		{910B5172-0591-408B-86CC-783A60ADFD63}.Release|Any CPU.Build.0 = Release|Any CPU
		{910B5172-0591-408B-86CC-783A60ADFD63}.Release|Mixed Platforms.ActiveCfg = Release|Any CPU
		{910B5172-0591-408B-86CC-783A60ADFD63}.Release|Mixed Platforms.Build.0 = Release|Any CPU
		{910B5172-0591-408B-86CC-783A60ADFD63}.Release|x86.ActiveCfg = Release|Any CPU
		{301F74CA-3731-478E-B782-DA1806EA463D}.Debug|Any CPU.ActiveCfg = Debug|Any CPU
		{301F74CA-3731-478E-B782-DA1806EA463D}.Debug|Any CPU.Build.0 = Debug|Any CPU
		{301F74CA-3731-478E-B782-DA1806EA463D}.Debug|Mixed Platforms.ActiveCfg = Debug|Any CPU
		{301F74CA-3731-478E-B782-DA1806EA463D}.Debug|Mixed Platforms.Build.0 = Debug|Any CPU
		{301F74CA-3731-478E-B782-DA1806EA463D}.Debug|x86.ActiveCfg = Debug|Any CPU
		{301F74CA-3731-478E-B782-DA1806EA463D}.Debug|x86.Build.0 = Debug|Any CPU
		{301F74CA-3731-478E-B782-DA1806EA463D}.Release|Any CPU.ActiveCfg = Release|Any CPU
		{301F74CA-3731-478E-B782-DA1806EA463D}.Release|Any CPU.Build.0 = Release|Any CPU
		{301F74CA-3731-478E-B782-DA1806EA463D}.Release|Mixed Platforms.ActiveCfg = Release|Any CPU
		{301F74CA-3731-478E-B782-DA1806EA463D}.Release|Mixed Platforms.Build.0 = Release|Any CPU
		{301F74CA-3731-478E-B782-DA1806EA463D}.Release|x86.ActiveCfg = Release|Any CPU
		{301F74CA-3731-478E-B782-DA1806EA463D}.Release|x86.Build.0 = Release|Any CPU
		{19076BC3-0B4E-443D-9991-4B35C3FC099A}.Debug|Any CPU.ActiveCfg = Debug|Any CPU
		{19076BC3-0B4E-443D-9991-4B35C3FC099A}.Debug|Any CPU.Build.0 = Debug|Any CPU
		{19076BC3-0B4E-443D-9991-4B35C3FC099A}.Debug|Mixed Platforms.ActiveCfg = Debug|Any CPU
		{19076BC3-0B4E-443D-9991-4B35C3FC099A}.Debug|Mixed Platforms.Build.0 = Debug|Any CPU
		{19076BC3-0B4E-443D-9991-4B35C3FC099A}.Debug|x86.ActiveCfg = Debug|Any CPU
		{19076BC3-0B4E-443D-9991-4B35C3FC099A}.Debug|x86.Build.0 = Debug|Any CPU
		{19076BC3-0B4E-443D-9991-4B35C3FC099A}.Release|Any CPU.ActiveCfg = Release|Any CPU
		{19076BC3-0B4E-443D-9991-4B35C3FC099A}.Release|Any CPU.Build.0 = Release|Any CPU
		{19076BC3-0B4E-443D-9991-4B35C3FC099A}.Release|Mixed Platforms.ActiveCfg = Release|Any CPU
		{19076BC3-0B4E-443D-9991-4B35C3FC099A}.Release|Mixed Platforms.Build.0 = Release|Any CPU
		{19076BC3-0B4E-443D-9991-4B35C3FC099A}.Release|x86.ActiveCfg = Release|Any CPU
		{19076BC3-0B4E-443D-9991-4B35C3FC099A}.Release|x86.Build.0 = Release|Any CPU
	EndGlobalSection
	GlobalSection(SolutionProperties) = preSolution
		HideSolutionNode = FALSE
	EndGlobalSection
EndGlobal
